
Microsoft Visual Studio Solution File, Format Version 12.00
# Visual Studio Version 17
VisualStudioVersion = 17.9.34728.123
MinimumVisualStudioVersion = 10.0.40219.1
Project("{FAE04EC0-301F-11D3-BF4B-00C04F79EFBC}") = "ShoolApp.Web", "SchoolApp\ShoolApp.Web.csproj", "{AD37AC30-9267-4F0E-B12E-CC5DBE98CB22}"
EndProject
Project("{FAE04EC0-301F-11D3-BF4B-00C04F79EFBC}") = "SchoolApp.DAL", "SchoolApp.DAL\SchoolApp.DAL.csproj", "{FDA51994-5E59-4DC5-978A-359B4B993BBA}"
EndProject
Global
	GlobalSection(SolutionConfigurationPlatforms) = preSolution
		Debug|Any CPU = Debug|Any CPU
		Release|Any CPU = Release|Any CPU
	EndGlobalSection
	GlobalSection(ProjectConfigurationPlatforms) = postSolution
		{AD37AC30-9267-4F0E-B12E-CC5DBE98CB22}.Debug|Any CPU.ActiveCfg = Debug|Any CPU
		{AD37AC30-9267-4F0E-B12E-CC5DBE98CB22}.Debug|Any CPU.Build.0 = Debug|Any CPU
		{AD37AC30-9267-4F0E-B12E-CC5DBE98CB22}.Release|Any CPU.ActiveCfg = Release|Any CPU
		{AD37AC30-9267-4F0E-B12E-CC5DBE98CB22}.Release|Any CPU.Build.0 = Release|Any CPU
		{FDA51994-5E59-4DC5-978A-359B4B993BBA}.Debug|Any CPU.ActiveCfg = Debug|Any CPU
		{FDA51994-5E59-4DC5-978A-359B4B993BBA}.Debug|Any CPU.Build.0 = Debug|Any CPU
		{FDA51994-5E59-4DC5-978A-359B4B993BBA}.Release|Any CPU.ActiveCfg = Release|Any CPU
		{FDA51994-5E59-4DC5-978A-359B4B993BBA}.Release|Any CPU.Build.0 = Release|Any CPU
	EndGlobalSection
	GlobalSection(SolutionProperties) = preSolution
		HideSolutionNode = FALSE
	EndGlobalSection
	GlobalSection(ExtensibilityGlobals) = postSolution
		SolutionGuid = {5EE94EA9-14A7-4531-B57C-A9FE21CFB530}
	EndGlobalSection
EndGlobal
